
Microsoft Visual Studio Solution File, Format Version 12.00
# Visual Studio Version 16
VisualStudioVersion = 25.0.1704.2
MinimumVisualStudioVersion = 10.0.40219.1
Project("{FAE04EC0-301F-11D3-BF4B-00C04F79EFBC}") = "ReactDemo", "ReactDemo\ReactDemo.csproj", "{91F83409-5FD9-427E-A8A1-A0C2FD18A0CF}"
EndProject
Global
	GlobalSection(SolutionConfigurationPlatforms) = preSolution
		Debug|Any CPU = Debug|Any CPU
		Release|Any CPU = Release|Any CPU
	EndGlobalSection
	GlobalSection(ProjectConfigurationPlatforms) = postSolution
		{91F83409-5FD9-427E-A8A1-A0C2FD18A0CF}.Debug|Any CPU.ActiveCfg = Debug|Any CPU
		{91F83409-5FD9-427E-A8A1-A0C2FD18A0CF}.Debug|Any CPU.Build.0 = Debug|Any CPU
		{91F83409-5FD9-427E-A8A1-A0C2FD18A0CF}.Release|Any CPU.ActiveCfg = Release|Any CPU
		{91F83409-5FD9-427E-A8A1-A0C2FD18A0CF}.Release|Any CPU.Build.0 = Release|Any CPU
	EndGlobalSection
	GlobalSection(SolutionProperties) = preSolution
		HideSolutionNode = FALSE
	EndGlobalSection
	GlobalSection(ExtensibilityGlobals) = postSolution
		SolutionGuid = {65320AB9-27C0-4A0A-B1D3-5914D36FEF03}
	EndGlobalSection
EndGlobal
